
Microsoft Visual Studio Solution File, Format Version 12.00
# Visual Studio Version 16
VisualStudioVersion = 16.0.31702.278
MinimumVisualStudioVersion = 10.0.40219.1
Project("{FAE04EC0-301F-11D3-BF4B-00C04F79EFBC}") = "ProductReviewManagementwithLinq", "ProductReviewManagementwithLinq.csproj", "{12520945-04B3-4C08-B146-52E3C590B8D2}"
EndProject
Global
	GlobalSection(SolutionConfigurationPlatforms) = preSolution
		Debug|Any CPU = Debug|Any CPU
		Release|Any CPU = Release|Any CPU
	EndGlobalSection
	GlobalSection(ProjectConfigurationPlatforms) = postSolution
		{12520945-04B3-4C08-B146-52E3C590B8D2}.Debug|Any CPU.ActiveCfg = Debug|Any CPU
		{12520945-04B3-4C08-B146-52E3C590B8D2}.Debug|Any CPU.Build.0 = Debug|Any CPU
		{12520945-04B3-4C08-B146-52E3C590B8D2}.Release|Any CPU.ActiveCfg = Release|Any CPU
		{12520945-04B3-4C08-B146-52E3C590B8D2}.Release|Any CPU.Build.0 = Release|Any CPU
	EndGlobalSection
	GlobalSection(SolutionProperties) = preSolution
		HideSolutionNode = FALSE
	EndGlobalSection
	GlobalSection(ExtensibilityGlobals) = postSolution
		SolutionGuid = {80D7C0BC-2B52-460C-8AEA-7055EAD055A7}
	EndGlobalSection
EndGlobal
